
Microsoft Visual Studio Solution File, Format Version 12.00
# Visual Studio 15
VisualStudioVersion = 15.0.28307.645
MinimumVisualStudioVersion = 10.0.40219.1
Project("{FAE04EC0-301F-11D3-BF4B-00C04F79EFBC}") = "Zad5", "Zad5\Zad5.csproj", "{FDA4393F-BC2D-423E-B245-76D960C097BB}"
EndProject
Global
	GlobalSection(SolutionConfigurationPlatforms) = preSolution
		Debug|Any CPU = Debug|Any CPU
		Release|Any CPU = Release|Any CPU
	EndGlobalSection
	GlobalSection(ProjectConfigurationPlatforms) = postSolution
		{FDA4393F-BC2D-423E-B245-76D960C097BB}.Debug|Any CPU.ActiveCfg = Debug|Any CPU
		{FDA4393F-BC2D-423E-B245-76D960C097BB}.Debug|Any CPU.Build.0 = Debug|Any CPU
		{FDA4393F-BC2D-423E-B245-76D960C097BB}.Release|Any CPU.ActiveCfg = Release|Any CPU
		{FDA4393F-BC2D-423E-B245-76D960C097BB}.Release|Any CPU.Build.0 = Release|Any CPU
	EndGlobalSection
	GlobalSection(SolutionProperties) = preSolution
		HideSolutionNode = FALSE
	EndGlobalSection
	GlobalSection(ExtensibilityGlobals) = postSolution
		SolutionGuid = {66E3346B-5ACC-4BCE-AAC9-B8BE44671137}
	EndGlobalSection
EndGlobal
